
Microsoft Visual Studio Solution File, Format Version 12.00
# Visual Studio 2012
Project("{FAE04EC0-301F-11D3-BF4B-00C04F79EFBC}") = "Dsl", "Dsl\Dsl.csproj", "{90ACB26A-D0A7-43CF-832E-30F0A7F4748D}"
EndProject
Project("{FAE04EC0-301F-11D3-BF4B-00C04F79EFBC}") = "DslPackage", "DslPackage\DslPackage.csproj", "{8B6AC957-A9C4-47DC-A40F-789BA10E34F2}"
EndProject
Global
	GlobalSection(SolutionConfigurationPlatforms) = preSolution
		Debug|Any CPU = Debug|Any CPU
		Release|Any CPU = Release|Any CPU
	EndGlobalSection
	GlobalSection(ProjectConfigurationPlatforms) = postSolution
		{90ACB26A-D0A7-43CF-832E-30F0A7F4748D}.Debug|Any CPU.ActiveCfg = Debug|Any CPU
		{90ACB26A-D0A7-43CF-832E-30F0A7F4748D}.Debug|Any CPU.Build.0 = Debug|Any CPU
		{90ACB26A-D0A7-43CF-832E-30F0A7F4748D}.Release|Any CPU.ActiveCfg = Release|Any CPU
		{90ACB26A-D0A7-43CF-832E-30F0A7F4748D}.Release|Any CPU.Build.0 = Release|Any CPU
		{8B6AC957-A9C4-47DC-A40F-789BA10E34F2}.Debug|Any CPU.ActiveCfg = Debug|Any CPU
		{8B6AC957-A9C4-47DC-A40F-789BA10E34F2}.Debug|Any CPU.Build.0 = Debug|Any CPU
		{8B6AC957-A9C4-47DC-A40F-789BA10E34F2}.Release|Any CPU.ActiveCfg = Release|Any CPU
		{8B6AC957-A9C4-47DC-A40F-789BA10E34F2}.Release|Any CPU.Build.0 = Release|Any CPU
	EndGlobalSection
	GlobalSection(SolutionProperties) = preSolution
		HideSolutionNode = FALSE
	EndGlobalSection
EndGlobal
