
Microsoft Visual Studio Solution File, Format Version 12.00
# Visual Studio 2012
Project("{2150E333-8FDC-42A3-9474-1A3956D46DE8}") = "Framework", "Framework", "{2B35226D-5B78-4FFD-B62B-54A11D5B0273}"
EndProject
Project("{FAE04EC0-301F-11D3-BF4B-00C04F79EFBC}") = "TransactionKernelDSL.Framework", "TransactionKernelDSL.Framework\TransactionKernelDSL.Framework.csproj", "{8C6F8E91-5AA2-4BED-8213-10C37D5E85BD}"
EndProject
Project("{FAE04EC0-301F-11D3-BF4B-00C04F79EFBC}") = "TransactionKernelDSL.Framework.Parser.Beltran", "TransactionKernelDSL.Framework.Parser.Beltran\TransactionKernelDSL.Framework.Parser.Beltran.csproj", "{CF74FA0F-FD8E-44BF-890D-7EAC49FF7106}"
EndProject
Project("{FAE04EC0-301F-11D3-BF4B-00C04F79EFBC}") = "TransactionKernelDSL.Framework.Parser.Iso8583", "TransactionKernelDSL.Framework.Parser.Iso8583\TransactionKernelDSL.Framework.Parser.Iso8583.csproj", "{4F68C77D-A1E9-4931-8271-37EC751C85DC}"
EndProject
Project("{FAE04EC0-301F-11D3-BF4B-00C04F79EFBC}") = "TransactionKernelDSL.Framework.Parser.Iso8583B24", "TransactionKernelDSL.Framework.Parser.Iso8583B24\TransactionKernelDSL.Framework.Parser.Iso8583B24.csproj", "{9B11F373-4450-4C3B-BC11-0C99B7FFC9BB}"
EndProject
Project("{FAE04EC0-301F-11D3-BF4B-00C04F79EFBC}") = "TransactionKernelDSL.Framework.Parser.Meflur", "TransactionKernelDSL.Framework.Parser.Meflur\TransactionKernelDSL.Framework.Parser.Meflur.csproj", "{E6884893-B3FD-45B3-9692-D06197B234A0}"
EndProject
Project("{FAE04EC0-301F-11D3-BF4B-00C04F79EFBC}") = "TransactionKernelDSL.Framework.Test", "TransactionKernelDSL.Framework.Test\TransactionKernelDSL.Framework.Test.csproj", "{C5FB1F89-0E7A-4A33-971B-8784C5B901DA}"
EndProject
Project("{FAE04EC0-301F-11D3-BF4B-00C04F79EFBC}") = "TransactionKernelDSL.Framework.UnitTests", "TransactionKernelDSL.Framework.UnitTests\TransactionKernelDSL.Framework.UnitTests.csproj", "{C60EFA54-AB6C-46EF-A8D7-7E2784FBAB28}"
EndProject
Project("{FAE04EC0-301F-11D3-BF4B-00C04F79EFBC}") = "TransactionKernelDSL.Framework.Parser.BPosBrowser", "TransactionKernelDSL.Framework.Parser.BPosBrowser\TransactionKernelDSL.Framework.Parser.BPosBrowser.csproj", "{ACEA99C5-FC61-4547-96FA-E3E0D54C676A}"
EndProject
Project("{FAE04EC0-301F-11D3-BF4B-00C04F79EFBC}") = "TransactionKernelDSL.Framework.Parser.BPosBrowser.Tests", "TransactionKernelDSL.Framework.Parser.BPosBrowser.Tests\TransactionKernelDSL.Framework.Parser.BPosBrowser.Tests.csproj", "{698F4CDE-F5F7-4B5E-A1F4-071FDE5CA070}"
EndProject
Project("{FAE04EC0-301F-11D3-BF4B-00C04F79EFBC}") = "TransactionKernelDSL.Framework.Parser.Json.Tests", "TransactionKernelDSL.Framework.PArser.Json.Tests\TransactionKernelDSL.Framework.Parser.Json.Tests.csproj", "{9F748AD3-4A15-4D33-A3FD-B536130A77FA}"
EndProject
Project("{FAE04EC0-301F-11D3-BF4B-00C04F79EFBC}") = "TransactionKernelDSL.Framework.Parser.Json", "TransactionKernelDSL.Framework.Parser.Json\TransactionKernelDSL.Framework.Parser.Json.csproj", "{92DB59D1-C2A1-47BD-88EB-B881875F4D7D}"
EndProject
Project("{FAE04EC0-301F-11D3-BF4B-00C04F79EFBC}") = "TransactionKernelDSL.Framework.Parser.Xml", "TransactionKernelDSL.Framework.Parser.Xml\TransactionKernelDSL.Framework.Parser.Xml.csproj", "{A47A2DC5-7F98-4D40-AE01-47E95C46B7C2}"
EndProject
Project("{FAE04EC0-301F-11D3-BF4B-00C04F79EFBC}") = "TransactionKernelDSL.Framework.Parser.Xml.Tests", "TransactionKernelDSL.Framework.Parser.Xml.Tests\TransactionKernelDSL.Framework.Parser.Xml.Tests.csproj", "{5B12A9C8-CB48-46AD-B135-FF1BD8046232}"
EndProject
Global
	GlobalSection(SolutionConfigurationPlatforms) = preSolution
		Debug|Any CPU = Debug|Any CPU
		Debug|Mixed Platforms = Debug|Mixed Platforms
		Debug|x64 = Debug|x64
		Debug|x86 = Debug|x86
		Release|Any CPU = Release|Any CPU
		Release|Mixed Platforms = Release|Mixed Platforms
		Release|x64 = Release|x64
		Release|x86 = Release|x86
	EndGlobalSection
	GlobalSection(ProjectConfigurationPlatforms) = postSolution
		{8C6F8E91-5AA2-4BED-8213-10C37D5E85BD}.Debug|Any CPU.ActiveCfg = Debug|Any CPU
		{8C6F8E91-5AA2-4BED-8213-10C37D5E85BD}.Debug|Any CPU.Build.0 = Debug|Any CPU
		{8C6F8E91-5AA2-4BED-8213-10C37D5E85BD}.Debug|Mixed Platforms.ActiveCfg = Debug|Any CPU
		{8C6F8E91-5AA2-4BED-8213-10C37D5E85BD}.Debug|Mixed Platforms.Build.0 = Debug|Any CPU
		{8C6F8E91-5AA2-4BED-8213-10C37D5E85BD}.Debug|x64.ActiveCfg = Debug|x64
		{8C6F8E91-5AA2-4BED-8213-10C37D5E85BD}.Debug|x64.Build.0 = Debug|x64
		{8C6F8E91-5AA2-4BED-8213-10C37D5E85BD}.Debug|x86.ActiveCfg = Debug|Any CPU
		{8C6F8E91-5AA2-4BED-8213-10C37D5E85BD}.Release|Any CPU.ActiveCfg = Release|Any CPU
		{8C6F8E91-5AA2-4BED-8213-10C37D5E85BD}.Release|Any CPU.Build.0 = Release|Any CPU
		{8C6F8E91-5AA2-4BED-8213-10C37D5E85BD}.Release|Mixed Platforms.ActiveCfg = Release|Any CPU
		{8C6F8E91-5AA2-4BED-8213-10C37D5E85BD}.Release|Mixed Platforms.Build.0 = Release|Any CPU
		{8C6F8E91-5AA2-4BED-8213-10C37D5E85BD}.Release|x64.ActiveCfg = Release|x64
		{8C6F8E91-5AA2-4BED-8213-10C37D5E85BD}.Release|x64.Build.0 = Release|x64
		{8C6F8E91-5AA2-4BED-8213-10C37D5E85BD}.Release|x86.ActiveCfg = Release|Any CPU
		{CF74FA0F-FD8E-44BF-890D-7EAC49FF7106}.Debug|Any CPU.ActiveCfg = Debug|Any CPU
		{CF74FA0F-FD8E-44BF-890D-7EAC49FF7106}.Debug|Any CPU.Build.0 = Debug|Any CPU
		{CF74FA0F-FD8E-44BF-890D-7EAC49FF7106}.Debug|Mixed Platforms.ActiveCfg = Debug|Any CPU
		{CF74FA0F-FD8E-44BF-890D-7EAC49FF7106}.Debug|Mixed Platforms.Build.0 = Debug|Any CPU
		{CF74FA0F-FD8E-44BF-890D-7EAC49FF7106}.Debug|x64.ActiveCfg = Debug|Any CPU
		{CF74FA0F-FD8E-44BF-890D-7EAC49FF7106}.Debug|x86.ActiveCfg = Debug|Any CPU
		{CF74FA0F-FD8E-44BF-890D-7EAC49FF7106}.Release|Any CPU.ActiveCfg = Release|Any CPU
		{CF74FA0F-FD8E-44BF-890D-7EAC49FF7106}.Release|Any CPU.Build.0 = Release|Any CPU
		{CF74FA0F-FD8E-44BF-890D-7EAC49FF7106}.Release|Mixed Platforms.ActiveCfg = Release|Any CPU
		{CF74FA0F-FD8E-44BF-890D-7EAC49FF7106}.Release|Mixed Platforms.Build.0 = Release|Any CPU
		{CF74FA0F-FD8E-44BF-890D-7EAC49FF7106}.Release|x64.ActiveCfg = Release|Any CPU
		{CF74FA0F-FD8E-44BF-890D-7EAC49FF7106}.Release|x86.ActiveCfg = Release|Any CPU
		{4F68C77D-A1E9-4931-8271-37EC751C85DC}.Debug|Any CPU.ActiveCfg = Debug|Any CPU
		{4F68C77D-A1E9-4931-8271-37EC751C85DC}.Debug|Any CPU.Build.0 = Debug|Any CPU
		{4F68C77D-A1E9-4931-8271-37EC751C85DC}.Debug|Mixed Platforms.ActiveCfg = Debug|Any CPU
		{4F68C77D-A1E9-4931-8271-37EC751C85DC}.Debug|Mixed Platforms.Build.0 = Debug|Any CPU
		{4F68C77D-A1E9-4931-8271-37EC751C85DC}.Debug|x64.ActiveCfg = Debug|x64
		{4F68C77D-A1E9-4931-8271-37EC751C85DC}.Debug|x64.Build.0 = Debug|x64
		{4F68C77D-A1E9-4931-8271-37EC751C85DC}.Debug|x86.ActiveCfg = Debug|Any CPU
		{4F68C77D-A1E9-4931-8271-37EC751C85DC}.Release|Any CPU.ActiveCfg = Release|Any CPU
		{4F68C77D-A1E9-4931-8271-37EC751C85DC}.Release|Any CPU.Build.0 = Release|Any CPU
		{4F68C77D-A1E9-4931-8271-37EC751C85DC}.Release|Mixed Platforms.ActiveCfg = Release|Any CPU
		{4F68C77D-A1E9-4931-8271-37EC751C85DC}.Release|Mixed Platforms.Build.0 = Release|Any CPU
		{4F68C77D-A1E9-4931-8271-37EC751C85DC}.Release|x64.ActiveCfg = Release|x64
		{4F68C77D-A1E9-4931-8271-37EC751C85DC}.Release|x64.Build.0 = Release|x64
		{4F68C77D-A1E9-4931-8271-37EC751C85DC}.Release|x86.ActiveCfg = Release|Any CPU
		{9B11F373-4450-4C3B-BC11-0C99B7FFC9BB}.Debug|Any CPU.ActiveCfg = Debug|Any CPU
		{9B11F373-4450-4C3B-BC11-0C99B7FFC9BB}.Debug|Any CPU.Build.0 = Debug|Any CPU
		{9B11F373-4450-4C3B-BC11-0C99B7FFC9BB}.Debug|Mixed Platforms.ActiveCfg = Debug|Any CPU
		{9B11F373-4450-4C3B-BC11-0C99B7FFC9BB}.Debug|Mixed Platforms.Build.0 = Debug|Any CPU
		{9B11F373-4450-4C3B-BC11-0C99B7FFC9BB}.Debug|x64.ActiveCfg = Debug|x64
		{9B11F373-4450-4C3B-BC11-0C99B7FFC9BB}.Debug|x64.Build.0 = Debug|x64
		{9B11F373-4450-4C3B-BC11-0C99B7FFC9BB}.Debug|x86.ActiveCfg = Debug|Any CPU
		{9B11F373-4450-4C3B-BC11-0C99B7FFC9BB}.Release|Any CPU.ActiveCfg = Release|Any CPU
		{9B11F373-4450-4C3B-BC11-0C99B7FFC9BB}.Release|Any CPU.Build.0 = Release|Any CPU
		{9B11F373-4450-4C3B-BC11-0C99B7FFC9BB}.Release|Mixed Platforms.ActiveCfg = Release|Any CPU
		{9B11F373-4450-4C3B-BC11-0C99B7FFC9BB}.Release|Mixed Platforms.Build.0 = Release|Any CPU
		{9B11F373-4450-4C3B-BC11-0C99B7FFC9BB}.Release|x64.ActiveCfg = Release|x64
		{9B11F373-4450-4C3B-BC11-0C99B7FFC9BB}.Release|x64.Build.0 = Release|x64
		{9B11F373-4450-4C3B-BC11-0C99B7FFC9BB}.Release|x86.ActiveCfg = Release|Any CPU
		{E6884893-B3FD-45B3-9692-D06197B234A0}.Debug|Any CPU.ActiveCfg = Debug|Any CPU
		{E6884893-B3FD-45B3-9692-D06197B234A0}.Debug|Any CPU.Build.0 = Debug|Any CPU
		{E6884893-B3FD-45B3-9692-D06197B234A0}.Debug|Mixed Platforms.ActiveCfg = Debug|Any CPU
		{E6884893-B3FD-45B3-9692-D06197B234A0}.Debug|Mixed Platforms.Build.0 = Debug|Any CPU
		{E6884893-B3FD-45B3-9692-D06197B234A0}.Debug|x64.ActiveCfg = Debug|Any CPU
		{E6884893-B3FD-45B3-9692-D06197B234A0}.Debug|x86.ActiveCfg = Debug|Any CPU
		{E6884893-B3FD-45B3-9692-D06197B234A0}.Release|Any CPU.ActiveCfg = Release|Any CPU
		{E6884893-B3FD-45B3-9692-D06197B234A0}.Release|Any CPU.Build.0 = Release|Any CPU
		{E6884893-B3FD-45B3-9692-D06197B234A0}.Release|Mixed Platforms.ActiveCfg = Release|Any CPU
		{E6884893-B3FD-45B3-9692-D06197B234A0}.Release|Mixed Platforms.Build.0 = Release|Any CPU
		{E6884893-B3FD-45B3-9692-D06197B234A0}.Release|x64.ActiveCfg = Release|Any CPU
		{E6884893-B3FD-45B3-9692-D06197B234A0}.Release|x86.ActiveCfg = Release|Any CPU
		{C5FB1F89-0E7A-4A33-971B-8784C5B901DA}.Debug|Any CPU.ActiveCfg = Debug|x86
		{C5FB1F89-0E7A-4A33-971B-8784C5B901DA}.Debug|Mixed Platforms.ActiveCfg = Debug|x86
		{C5FB1F89-0E7A-4A33-971B-8784C5B901DA}.Debug|Mixed Platforms.Build.0 = Debug|x86
		{C5FB1F89-0E7A-4A33-971B-8784C5B901DA}.Debug|x64.ActiveCfg = Debug|x86
		{C5FB1F89-0E7A-4A33-971B-8784C5B901DA}.Debug|x86.ActiveCfg = Debug|x86
		{C5FB1F89-0E7A-4A33-971B-8784C5B901DA}.Debug|x86.Build.0 = Debug|x86
		{C5FB1F89-0E7A-4A33-971B-8784C5B901DA}.Release|Any CPU.ActiveCfg = Release|x86
		{C5FB1F89-0E7A-4A33-971B-8784C5B901DA}.Release|Mixed Platforms.ActiveCfg = Release|x86
		{C5FB1F89-0E7A-4A33-971B-8784C5B901DA}.Release|Mixed Platforms.Build.0 = Release|x86
		{C5FB1F89-0E7A-4A33-971B-8784C5B901DA}.Release|x64.ActiveCfg = Release|x86
		{C5FB1F89-0E7A-4A33-971B-8784C5B901DA}.Release|x86.ActiveCfg = Release|x86
		{C5FB1F89-0E7A-4A33-971B-8784C5B901DA}.Release|x86.Build.0 = Release|x86
		{C60EFA54-AB6C-46EF-A8D7-7E2784FBAB28}.Debug|Any CPU.ActiveCfg = Debug|Any CPU
		{C60EFA54-AB6C-46EF-A8D7-7E2784FBAB28}.Debug|Any CPU.Build.0 = Debug|Any CPU
		{C60EFA54-AB6C-46EF-A8D7-7E2784FBAB28}.Debug|Mixed Platforms.ActiveCfg = Debug|Any CPU
		{C60EFA54-AB6C-46EF-A8D7-7E2784FBAB28}.Debug|Mixed Platforms.Build.0 = Debug|Any CPU
		{C60EFA54-AB6C-46EF-A8D7-7E2784FBAB28}.Debug|x64.ActiveCfg = Debug|Any CPU
		{C60EFA54-AB6C-46EF-A8D7-7E2784FBAB28}.Debug|x86.ActiveCfg = Debug|Any CPU
		{C60EFA54-AB6C-46EF-A8D7-7E2784FBAB28}.Release|Any CPU.ActiveCfg = Release|Any CPU
		{C60EFA54-AB6C-46EF-A8D7-7E2784FBAB28}.Release|Any CPU.Build.0 = Release|Any CPU
		{C60EFA54-AB6C-46EF-A8D7-7E2784FBAB28}.Release|Mixed Platforms.ActiveCfg = Release|Any CPU
		{C60EFA54-AB6C-46EF-A8D7-7E2784FBAB28}.Release|Mixed Platforms.Build.0 = Release|Any CPU
		{C60EFA54-AB6C-46EF-A8D7-7E2784FBAB28}.Release|x64.ActiveCfg = Release|Any CPU
		{C60EFA54-AB6C-46EF-A8D7-7E2784FBAB28}.Release|x86.ActiveCfg = Release|Any CPU
		{ACEA99C5-FC61-4547-96FA-E3E0D54C676A}.Debug|Any CPU.ActiveCfg = Debug|Any CPU
		{ACEA99C5-FC61-4547-96FA-E3E0D54C676A}.Debug|Any CPU.Build.0 = Debug|Any CPU
		{ACEA99C5-FC61-4547-96FA-E3E0D54C676A}.Debug|Mixed Platforms.ActiveCfg = Debug|Any CPU
		{ACEA99C5-FC61-4547-96FA-E3E0D54C676A}.Debug|Mixed Platforms.Build.0 = Debug|Any CPU
		{ACEA99C5-FC61-4547-96FA-E3E0D54C676A}.Debug|x64.ActiveCfg = Debug|x64
		{ACEA99C5-FC61-4547-96FA-E3E0D54C676A}.Debug|x64.Build.0 = Debug|x64
		{ACEA99C5-FC61-4547-96FA-E3E0D54C676A}.Debug|x86.ActiveCfg = Debug|Any CPU
		{ACEA99C5-FC61-4547-96FA-E3E0D54C676A}.Release|Any CPU.ActiveCfg = Release|Any CPU
		{ACEA99C5-FC61-4547-96FA-E3E0D54C676A}.Release|Any CPU.Build.0 = Release|Any CPU
		{ACEA99C5-FC61-4547-96FA-E3E0D54C676A}.Release|Mixed Platforms.ActiveCfg = Release|Any CPU
		{ACEA99C5-FC61-4547-96FA-E3E0D54C676A}.Release|Mixed Platforms.Build.0 = Release|Any CPU
		{ACEA99C5-FC61-4547-96FA-E3E0D54C676A}.Release|x64.ActiveCfg = Release|x64
		{ACEA99C5-FC61-4547-96FA-E3E0D54C676A}.Release|x64.Build.0 = Release|x64
		{ACEA99C5-FC61-4547-96FA-E3E0D54C676A}.Release|x86.ActiveCfg = Release|Any CPU
		{698F4CDE-F5F7-4B5E-A1F4-071FDE5CA070}.Debug|Any CPU.ActiveCfg = Debug|Any CPU
		{698F4CDE-F5F7-4B5E-A1F4-071FDE5CA070}.Debug|Any CPU.Build.0 = Debug|Any CPU
		{698F4CDE-F5F7-4B5E-A1F4-071FDE5CA070}.Debug|Mixed Platforms.ActiveCfg = Debug|Any CPU
		{698F4CDE-F5F7-4B5E-A1F4-071FDE5CA070}.Debug|Mixed Platforms.Build.0 = Debug|Any CPU
		{698F4CDE-F5F7-4B5E-A1F4-071FDE5CA070}.Debug|x64.ActiveCfg = Debug|x64
		{698F4CDE-F5F7-4B5E-A1F4-071FDE5CA070}.Debug|x64.Build.0 = Debug|x64
		{698F4CDE-F5F7-4B5E-A1F4-071FDE5CA070}.Debug|x86.ActiveCfg = Debug|Any CPU
		{698F4CDE-F5F7-4B5E-A1F4-071FDE5CA070}.Release|Any CPU.ActiveCfg = Release|Any CPU
		{698F4CDE-F5F7-4B5E-A1F4-071FDE5CA070}.Release|Any CPU.Build.0 = Release|Any CPU
		{698F4CDE-F5F7-4B5E-A1F4-071FDE5CA070}.Release|Mixed Platforms.ActiveCfg = Release|Any CPU
		{698F4CDE-F5F7-4B5E-A1F4-071FDE5CA070}.Release|Mixed Platforms.Build.0 = Release|Any CPU
		{698F4CDE-F5F7-4B5E-A1F4-071FDE5CA070}.Release|x64.ActiveCfg = Release|x64
		{698F4CDE-F5F7-4B5E-A1F4-071FDE5CA070}.Release|x64.Build.0 = Release|x64
		{698F4CDE-F5F7-4B5E-A1F4-071FDE5CA070}.Release|x86.ActiveCfg = Release|Any CPU
		{9F748AD3-4A15-4D33-A3FD-B536130A77FA}.Debug|Any CPU.ActiveCfg = Debug|Any CPU
		{9F748AD3-4A15-4D33-A3FD-B536130A77FA}.Debug|Any CPU.Build.0 = Debug|Any CPU
		{9F748AD3-4A15-4D33-A3FD-B536130A77FA}.Debug|Mixed Platforms.ActiveCfg = Debug|Any CPU
		{9F748AD3-4A15-4D33-A3FD-B536130A77FA}.Debug|Mixed Platforms.Build.0 = Debug|Any CPU
		{9F748AD3-4A15-4D33-A3FD-B536130A77FA}.Debug|x64.ActiveCfg = Debug|Any CPU
		{9F748AD3-4A15-4D33-A3FD-B536130A77FA}.Debug|x86.ActiveCfg = Debug|Any CPU
		{9F748AD3-4A15-4D33-A3FD-B536130A77FA}.Release|Any CPU.ActiveCfg = Release|Any CPU
		{9F748AD3-4A15-4D33-A3FD-B536130A77FA}.Release|Any CPU.Build.0 = Release|Any CPU
		{9F748AD3-4A15-4D33-A3FD-B536130A77FA}.Release|Mixed Platforms.ActiveCfg = Release|Any CPU
		{9F748AD3-4A15-4D33-A3FD-B536130A77FA}.Release|Mixed Platforms.Build.0 = Release|Any CPU
		{9F748AD3-4A15-4D33-A3FD-B536130A77FA}.Release|x64.ActiveCfg = Release|Any CPU
		{9F748AD3-4A15-4D33-A3FD-B536130A77FA}.Release|x86.ActiveCfg = Release|Any CPU
		{92DB59D1-C2A1-47BD-88EB-B881875F4D7D}.Debug|Any CPU.ActiveCfg = Debug|Any CPU
		{92DB59D1-C2A1-47BD-88EB-B881875F4D7D}.Debug|Any CPU.Build.0 = Debug|Any CPU
		{92DB59D1-C2A1-47BD-88EB-B881875F4D7D}.Debug|Mixed Platforms.ActiveCfg = Debug|Any CPU
		{92DB59D1-C2A1-47BD-88EB-B881875F4D7D}.Debug|Mixed Platforms.Build.0 = Debug|Any CPU
		{92DB59D1-C2A1-47BD-88EB-B881875F4D7D}.Debug|x64.ActiveCfg = Debug|Any CPU
		{92DB59D1-C2A1-47BD-88EB-B881875F4D7D}.Debug|x86.ActiveCfg = Debug|Any CPU
		{92DB59D1-C2A1-47BD-88EB-B881875F4D7D}.Release|Any CPU.ActiveCfg = Release|Any CPU
		{92DB59D1-C2A1-47BD-88EB-B881875F4D7D}.Release|Any CPU.Build.0 = Release|Any CPU
		{92DB59D1-C2A1-47BD-88EB-B881875F4D7D}.Release|Mixed Platforms.ActiveCfg = Release|Any CPU
		{92DB59D1-C2A1-47BD-88EB-B881875F4D7D}.Release|Mixed Platforms.Build.0 = Release|Any CPU
		{92DB59D1-C2A1-47BD-88EB-B881875F4D7D}.Release|x64.ActiveCfg = Release|Any CPU
		{92DB59D1-C2A1-47BD-88EB-B881875F4D7D}.Release|x86.ActiveCfg = Release|Any CPU
		{A47A2DC5-7F98-4D40-AE01-47E95C46B7C2}.Debug|Any CPU.ActiveCfg = Debug|Any CPU
		{A47A2DC5-7F98-4D40-AE01-47E95C46B7C2}.Debug|Any CPU.Build.0 = Debug|Any CPU
		{A47A2DC5-7F98-4D40-AE01-47E95C46B7C2}.Debug|Mixed Platforms.ActiveCfg = Debug|Any CPU
		{A47A2DC5-7F98-4D40-AE01-47E95C46B7C2}.Debug|Mixed Platforms.Build.0 = Debug|Any CPU
		{A47A2DC5-7F98-4D40-AE01-47E95C46B7C2}.Debug|x64.ActiveCfg = Debug|Any CPU
		{A47A2DC5-7F98-4D40-AE01-47E95C46B7C2}.Debug|x86.ActiveCfg = Debug|Any CPU
		{A47A2DC5-7F98-4D40-AE01-47E95C46B7C2}.Release|Any CPU.ActiveCfg = Release|Any CPU
		{A47A2DC5-7F98-4D40-AE01-47E95C46B7C2}.Release|Any CPU.Build.0 = Release|Any CPU
		{A47A2DC5-7F98-4D40-AE01-47E95C46B7C2}.Release|Mixed Platforms.ActiveCfg = Release|Any CPU
		{A47A2DC5-7F98-4D40-AE01-47E95C46B7C2}.Release|Mixed Platforms.Build.0 = Release|Any CPU
		{A47A2DC5-7F98-4D40-AE01-47E95C46B7C2}.Release|x64.ActiveCfg = Release|Any CPU
		{A47A2DC5-7F98-4D40-AE01-47E95C46B7C2}.Release|x86.ActiveCfg = Release|Any CPU
		{5B12A9C8-CB48-46AD-B135-FF1BD8046232}.Debug|Any CPU.ActiveCfg = Debug|Any CPU
		{5B12A9C8-CB48-46AD-B135-FF1BD8046232}.Debug|Any CPU.Build.0 = Debug|Any CPU
		{5B12A9C8-CB48-46AD-B135-FF1BD8046232}.Debug|Mixed Platforms.ActiveCfg = Debug|Any CPU
		{5B12A9C8-CB48-46AD-B135-FF1BD8046232}.Debug|Mixed Platforms.Build.0 = Debug|Any CPU
		{5B12A9C8-CB48-46AD-B135-FF1BD8046232}.Debug|x64.ActiveCfg = Debug|Any CPU
		{5B12A9C8-CB48-46AD-B135-FF1BD8046232}.Debug|x86.ActiveCfg = Debug|Any CPU
		{5B12A9C8-CB48-46AD-B135-FF1BD8046232}.Release|Any CPU.ActiveCfg = Release|Any CPU
		{5B12A9C8-CB48-46AD-B135-FF1BD8046232}.Release|Any CPU.Build.0 = Release|Any CPU
		{5B12A9C8-CB48-46AD-B135-FF1BD8046232}.Release|Mixed Platforms.ActiveCfg = Release|Any CPU
		{5B12A9C8-CB48-46AD-B135-FF1BD8046232}.Release|Mixed Platforms.Build.0 = Release|Any CPU
		{5B12A9C8-CB48-46AD-B135-FF1BD8046232}.Release|x64.ActiveCfg = Release|Any CPU
		{5B12A9C8-CB48-46AD-B135-FF1BD8046232}.Release|x86.ActiveCfg = Release|Any CPU
	EndGlobalSection
	GlobalSection(SolutionProperties) = preSolution
		HideSolutionNode = FALSE
	EndGlobalSection
	GlobalSection(NestedProjects) = preSolution
		{8C6F8E91-5AA2-4BED-8213-10C37D5E85BD} = {2B35226D-5B78-4FFD-B62B-54A11D5B0273}
		{CF74FA0F-FD8E-44BF-890D-7EAC49FF7106} = {2B35226D-5B78-4FFD-B62B-54A11D5B0273}
		{4F68C77D-A1E9-4931-8271-37EC751C85DC} = {2B35226D-5B78-4FFD-B62B-54A11D5B0273}
		{9B11F373-4450-4C3B-BC11-0C99B7FFC9BB} = {2B35226D-5B78-4FFD-B62B-54A11D5B0273}
		{E6884893-B3FD-45B3-9692-D06197B234A0} = {2B35226D-5B78-4FFD-B62B-54A11D5B0273}
		{C5FB1F89-0E7A-4A33-971B-8784C5B901DA} = {2B35226D-5B78-4FFD-B62B-54A11D5B0273}
		{C60EFA54-AB6C-46EF-A8D7-7E2784FBAB28} = {2B35226D-5B78-4FFD-B62B-54A11D5B0273}
		{ACEA99C5-FC61-4547-96FA-E3E0D54C676A} = {2B35226D-5B78-4FFD-B62B-54A11D5B0273}
		{698F4CDE-F5F7-4B5E-A1F4-071FDE5CA070} = {2B35226D-5B78-4FFD-B62B-54A11D5B0273}
		{9F748AD3-4A15-4D33-A3FD-B536130A77FA} = {2B35226D-5B78-4FFD-B62B-54A11D5B0273}
		{92DB59D1-C2A1-47BD-88EB-B881875F4D7D} = {2B35226D-5B78-4FFD-B62B-54A11D5B0273}
		{A47A2DC5-7F98-4D40-AE01-47E95C46B7C2} = {2B35226D-5B78-4FFD-B62B-54A11D5B0273}
		{5B12A9C8-CB48-46AD-B135-FF1BD8046232} = {2B35226D-5B78-4FFD-B62B-54A11D5B0273}
	EndGlobalSection
EndGlobal
